// !$*UTF8*$!
{
	archiveVersion = 1;
	classes = {
	};
	objectVersion = 46;
	objects = {

/* Begin PBXBuildFile section */
		EB10622A198D40DD00C2D084 /* GViewController.m in Sources */ = {isa = PBXBuildFile; fileRef = EB106229198D40DD00C2D084 /* GViewController.m */; };
		EB10622D198D414E00C2D084 /* GBeacon.m in Sources */ = {isa = PBXBuildFile; fileRef = EB10622C198D414E00C2D084 /* GBeacon.m */; };
		EB106230198D419100C2D084 /* RoomView.m in Sources */ = {isa = PBXBuildFile; fileRef = EB10622F198D419100C2D084 /* RoomView.m */; };
		EB106233198D41AE00C2D084 /* GBeaconView.m in Sources */ = {isa = PBXBuildFile; fileRef = EB106232198D41AE00C2D084 /* GBeaconView.m */; };
		EB106236198D41C300C2D084 /* MeView.m in Sources */ = {isa = PBXBuildFile; fileRef = EB106235198D41C300C2D084 /* MeView.m */; };
		EB106239198D42A800C2D084 /* GBeaconManager.m in Sources */ = {isa = PBXBuildFile; fileRef = EB106238198D42A800C2D084 /* GBeaconManager.m */; };
		EB2D84121996D679005E4384 /* RSSIGraphView.m in Sources */ = {isa = PBXBuildFile; fileRef = EB2D84111996D679005E4384 /* RSSIGraphView.m */; };
		EB2D84151996E842005E4384 /* GBeaconTableViewCell.m in Sources */ = {isa = PBXBuildFile; fileRef = EB2D84141996E842005E4384 /* GBeaconTableViewCell.m */; };
		EBFF92A11983DBC9001BFE63 /* Foundation.framework in Frameworks */ = {isa = PBXBuildFile; fileRef = EBFF92A01983DBC9001BFE63 /* Foundation.framework */; };
		EBFF92A31983DBC9001BFE63 /* CoreGraphics.framework in Frameworks */ = {isa = PBXBuildFile; fileRef = EBFF92A21983DBC9001BFE63 /* CoreGraphics.framework */; };
		EBFF92A51983DBC9001BFE63 /* UIKit.framework in Frameworks */ = {isa = PBXBuildFile; fileRef = EBFF92A41983DBC9001BFE63 /* UIKit.framework */; };
		EBFF92AB1983DBC9001BFE63 /* InfoPlist.strings in Resources */ = {isa = PBXBuildFile; fileRef = EBFF92A91983DBC9001BFE63 /* InfoPlist.strings */; };
		EBFF92AD1983DBC9001BFE63 /* main.m in Sources */ = {isa = PBXBuildFile; fileRef = EBFF92AC1983DBC9001BFE63 /* main.m */; };
		EBFF92B11983DBC9001BFE63 /* GimbalAppDelegate.m in Sources */ = {isa = PBXBuildFile; fileRef = EBFF92B01983DBC9001BFE63 /* GimbalAppDelegate.m */; };
		EBFF92B41983DBC9001BFE63 /* Main.storyboard in Resources */ = {isa = PBXBuildFile; fileRef = EBFF92B21983DBC9001BFE63 /* Main.storyboard */; };
		EBFF92B71983DBC9001BFE63 /* GimbalViewController.m in Sources */ = {isa = PBXBuildFile; fileRef = EBFF92B61983DBC9001BFE63 /* GimbalViewController.m */; };
		EBFF92B91983DBC9001BFE63 /* Images.xcassets in Resources */ = {isa = PBXBuildFile; fileRef = EBFF92B81983DBC9001BFE63 /* Images.xcassets */; };
		EBFF92C01983DBC9001BFE63 /* XCTest.framework in Frameworks */ = {isa = PBXBuildFile; fileRef = EBFF92BF1983DBC9001BFE63 /* XCTest.framework */; };
		EBFF92C11983DBC9001BFE63 /* Foundation.framework in Frameworks */ = {isa = PBXBuildFile; fileRef = EBFF92A01983DBC9001BFE63 /* Foundation.framework */; };
		EBFF92C21983DBC9001BFE63 /* UIKit.framework in Frameworks */ = {isa = PBXBuildFile; fileRef = EBFF92A41983DBC9001BFE63 /* UIKit.framework */; };
		EBFF92CA1983DBC9001BFE63 /* InfoPlist.strings in Resources */ = {isa = PBXBuildFile; fileRef = EBFF92C81983DBC9001BFE63 /* InfoPlist.strings */; };
		EBFF92CC1983DBC9001BFE63 /* GimbalTests.m in Sources */ = {isa = PBXBuildFile; fileRef = EBFF92CB1983DBC9001BFE63 /* GimbalTests.m */; };
		EBFF92D61983DBFF001BFE63 /* CoreBluetooth.framework in Frameworks */ = {isa = PBXBuildFile; fileRef = EBFF92D51983DBFF001BFE63 /* CoreBluetooth.framework */; };
		EBFF92D81983DC07001BFE63 /* CoreLocation.framework in Frameworks */ = {isa = PBXBuildFile; fileRef = EBFF92D71983DC07001BFE63 /* CoreLocation.framework */; };
		EBFF92DA1983DC11001BFE63 /* CoreData.framework in Frameworks */ = {isa = PBXBuildFile; fileRef = EBFF92D91983DC11001BFE63 /* CoreData.framework */; };
		EBFF92DC1983DC20001BFE63 /* libz.dylib in Frameworks */ = {isa = PBXBuildFile; fileRef = EBFF92DB1983DC20001BFE63 /* libz.dylib */; };
		EBFF92DE1983DC28001BFE63 /* MapKit.framework in Frameworks */ = {isa = PBXBuildFile; fileRef = EBFF92DD1983DC28001BFE63 /* MapKit.framework */; };
		EBFF92E01983DC2F001BFE63 /* Security.framework in Frameworks */ = {isa = PBXBuildFile; fileRef = EBFF92DF1983DC2F001BFE63 /* Security.framework */; };
		EBFF92EB1983E378001BFE63 /* Common.framework in Frameworks */ = {isa = PBXBuildFile; fileRef = EBFF92E21983E378001BFE63 /* Common.framework */; };
		EBFF92EC1983E378001BFE63 /* ContextCore.framework in Frameworks */ = {isa = PBXBuildFile; fileRef = EBFF92E51983E378001BFE63 /* ContextCore.framework */; };
		EBFF92ED1983E378001BFE63 /* ContextLocation.framework in Frameworks */ = {isa = PBXBuildFile; fileRef = EBFF92E81983E378001BFE63 /* ContextLocation.framework */; };
		EBFF92EE1983E378001BFE63 /* DataModels.bundle in Resources */ = {isa = PBXBuildFile; fileRef = EBFF92EA1983E378001BFE63 /* DataModels.bundle */; };
		EBFF92F31983E38F001BFE63 /* FYX.framework in Frameworks */ = {isa = PBXBuildFile; fileRef = EBFF92EF1983E38F001BFE63 /* FYX.framework */; };
		EBFF92F41983E38F001BFE63 /* NetworkServices.framework in Frameworks */ = {isa = PBXBuildFile; fileRef = EBFF92F11983E38F001BFE63 /* NetworkServices.framework */; };
		EBFF92F61983F5E5001BFE63 /* UserContext.plist in Resources */ = {isa = PBXBuildFile; fileRef = EBFF92F51983F5E5001BFE63 /* UserContext.plist */; };
/* End PBXBuildFile section */

/* Begin PBXContainerItemProxy section */
		EBFF92C31983DBC9001BFE63 /* PBXContainerItemProxy */ = {
			isa = PBXContainerItemProxy;
			containerPortal = EBFF92951983DBC9001BFE63 /* Project object */;
			proxyType = 1;
			remoteGlobalIDString = EBFF929C1983DBC9001BFE63;
			remoteInfo = Gimbal;
		};
/* End PBXContainerItemProxy section */

/* Begin PBXFileReference section */
		EB106228198D40DD00C2D084 /* GViewController.h */ = {isa = PBXFileReference; fileEncoding = 4; lastKnownFileType = sourcecode.c.h; path = GViewController.h; sourceTree = "<group>"; };
		EB106229198D40DD00C2D084 /* GViewController.m */ = {isa = PBXFileReference; fileEncoding = 4; lastKnownFileType = sourcecode.c.objc; path = GViewController.m; sourceTree = "<group>"; };
		EB10622B198D414E00C2D084 /* GBeacon.h */ = {isa = PBXFileReference; fileEncoding = 4; lastKnownFileType = sourcecode.c.h; path = GBeacon.h; sourceTree = "<group>"; };
		EB10622C198D414E00C2D084 /* GBeacon.m */ = {isa = PBXFileReference; fileEncoding = 4; lastKnownFileType = sourcecode.c.objc; path = GBeacon.m; sourceTree = "<group>"; };
		EB10622E198D419100C2D084 /* RoomView.h */ = {isa = PBXFileReference; fileEncoding = 4; lastKnownFileType = sourcecode.c.h; path = RoomView.h; sourceTree = "<group>"; };
		EB10622F198D419100C2D084 /* RoomView.m */ = {isa = PBXFileReference; fileEncoding = 4; lastKnownFileType = sourcecode.c.objc; path = RoomView.m; sourceTree = "<group>"; };
		EB106231198D41AE00C2D084 /* GBeaconView.h */ = {isa = PBXFileReference; fileEncoding = 4; lastKnownFileType = sourcecode.c.h; path = GBeaconView.h; sourceTree = "<group>"; };
		EB106232198D41AE00C2D084 /* GBeaconView.m */ = {isa = PBXFileReference; fileEncoding = 4; lastKnownFileType = sourcecode.c.objc; path = GBeaconView.m; sourceTree = "<group>"; };
		EB106234198D41C300C2D084 /* MeView.h */ = {isa = PBXFileReference; fileEncoding = 4; lastKnownFileType = sourcecode.c.h; path = MeView.h; sourceTree = "<group>"; };
		EB106235198D41C300C2D084 /* MeView.m */ = {isa = PBXFileReference; fileEncoding = 4; lastKnownFileType = sourcecode.c.objc; path = MeView.m; sourceTree = "<group>"; };
		EB106237198D42A800C2D084 /* GBeaconManager.h */ = {isa = PBXFileReference; fileEncoding = 4; lastKnownFileType = sourcecode.c.h; path = GBeaconManager.h; sourceTree = "<group>"; };
		EB106238198D42A800C2D084 /* GBeaconManager.m */ = {isa = PBXFileReference; fileEncoding = 4; lastKnownFileType = sourcecode.c.objc; path = GBeaconManager.m; sourceTree = "<group>"; };
		EB2D84101996D679005E4384 /* RSSIGraphView.h */ = {isa = PBXFileReference; fileEncoding = 4; lastKnownFileType = sourcecode.c.h; path = RSSIGraphView.h; sourceTree = "<group>"; };
		EB2D84111996D679005E4384 /* RSSIGraphView.m */ = {isa = PBXFileReference; fileEncoding = 4; lastKnownFileType = sourcecode.c.objc; path = RSSIGraphView.m; sourceTree = "<group>"; };
		EB2D84131996E842005E4384 /* GBeaconTableViewCell.h */ = {isa = PBXFileReference; fileEncoding = 4; lastKnownFileType = sourcecode.c.h; path = GBeaconTableViewCell.h; sourceTree = "<group>"; };
		EB2D84141996E842005E4384 /* GBeaconTableViewCell.m */ = {isa = PBXFileReference; fileEncoding = 4; lastKnownFileType = sourcecode.c.objc; path = GBeaconTableViewCell.m; sourceTree = "<group>"; };
		EBFF929D1983DBC9001BFE63 /* Gimbal.app */ = {isa = PBXFileReference; explicitFileType = wrapper.application; includeInIndex = 0; path = Gimbal.app; sourceTree = BUILT_PRODUCTS_DIR; };
		EBFF92A01983DBC9001BFE63 /* Foundation.framework */ = {isa = PBXFileReference; lastKnownFileType = wrapper.framework; name = Foundation.framework; path = System/Library/Frameworks/Foundation.framework; sourceTree = SDKROOT; };
		EBFF92A21983DBC9001BFE63 /* CoreGraphics.framework */ = {isa = PBXFileReference; lastKnownFileType = wrapper.framework; name = CoreGraphics.framework; path = System/Library/Frameworks/CoreGraphics.framework; sourceTree = SDKROOT; };
		EBFF92A41983DBC9001BFE63 /* UIKit.framework */ = {isa = PBXFileReference; lastKnownFileType = wrapper.framework; name = UIKit.framework; path = System/Library/Frameworks/UIKit.framework; sourceTree = SDKROOT; };
		EBFF92A81983DBC9001BFE63 /* Gimbal-Info.plist */ = {isa = PBXFileReference; lastKnownFileType = text.plist.xml; path = "Gimbal-Info.plist"; sourceTree = "<group>"; };
		EBFF92AA1983DBC9001BFE63 /* en */ = {isa = PBXFileReference; lastKnownFileType = text.plist.strings; name = en; path = en.lproj/InfoPlist.strings; sourceTree = "<group>"; };
		EBFF92AC1983DBC9001BFE63 /* main.m */ = {isa = PBXFileReference; lastKnownFileType = sourcecode.c.objc; path = main.m; sourceTree = "<group>"; };
		EBFF92AE1983DBC9001BFE63 /* Gimbal-Prefix.pch */ = {isa = PBXFileReference; lastKnownFileType = sourcecode.c.h; path = "Gimbal-Prefix.pch"; sourceTree = "<group>"; };
		EBFF92AF1983DBC9001BFE63 /* GimbalAppDelegate.h */ = {isa = PBXFileReference; lastKnownFileType = sourcecode.c.h; path = GimbalAppDelegate.h; sourceTree = "<group>"; };
		EBFF92B01983DBC9001BFE63 /* GimbalAppDelegate.m */ = {isa = PBXFileReference; lastKnownFileType = sourcecode.c.objc; path = GimbalAppDelegate.m; sourceTree = "<group>"; };
		EBFF92B31983DBC9001BFE63 /* Base */ = {isa = PBXFileReference; lastKnownFileType = file.storyboard; name = Base; path = Base.lproj/Main.storyboard; sourceTree = "<group>"; };
		EBFF92B51983DBC9001BFE63 /* GimbalViewController.h */ = {isa = PBXFileReference; lastKnownFileType = sourcecode.c.h; path = GimbalViewController.h; sourceTree = "<group>"; };
		EBFF92B61983DBC9001BFE63 /* GimbalViewController.m */ = {isa = PBXFileReference; lastKnownFileType = sourcecode.c.objc; path = GimbalViewController.m; sourceTree = "<group>"; };
		EBFF92B81983DBC9001BFE63 /* Images.xcassets */ = {isa = PBXFileReference; lastKnownFileType = folder.assetcatalog; path = Images.xcassets; sourceTree = "<group>"; };
		EBFF92BE1983DBC9001BFE63 /* GimbalTests.xctest */ = {isa = PBXFileReference; explicitFileType = wrapper.cfbundle; includeInIndex = 0; path = GimbalTests.xctest; sourceTree = BUILT_PRODUCTS_DIR; };
		EBFF92BF1983DBC9001BFE63 /* XCTest.framework */ = {isa = PBXFileReference; lastKnownFileType = wrapper.framework; name = XCTest.framework; path = Library/Frameworks/XCTest.framework; sourceTree = DEVELOPER_DIR; };
		EBFF92C71983DBC9001BFE63 /* GimbalTests-Info.plist */ = {isa = PBXFileReference; lastKnownFileType = text.plist.xml; path = "GimbalTests-Info.plist"; sourceTree = "<group>"; };
		EBFF92C91983DBC9001BFE63 /* en */ = {isa = PBXFileReference; lastKnownFileType = text.plist.strings; name = en; path = en.lproj/InfoPlist.strings; sourceTree = "<group>"; };
		EBFF92CB1983DBC9001BFE63 /* GimbalTests.m */ = {isa = PBXFileReference; lastKnownFileType = sourcecode.c.objc; path = GimbalTests.m; sourceTree = "<group>"; };
		EBFF92D51983DBFF001BFE63 /* CoreBluetooth.framework */ = {isa = PBXFileReference; lastKnownFileType = wrapper.framework; name = CoreBluetooth.framework; path = System/Library/Frameworks/CoreBluetooth.framework; sourceTree = SDKROOT; };
		EBFF92D71983DC07001BFE63 /* CoreLocation.framework */ = {isa = PBXFileReference; lastKnownFileType = wrapper.framework; name = CoreLocation.framework; path = System/Library/Frameworks/CoreLocation.framework; sourceTree = SDKROOT; };
		EBFF92D91983DC11001BFE63 /* CoreData.framework */ = {isa = PBXFileReference; lastKnownFileType = wrapper.framework; name = CoreData.framework; path = System/Library/Frameworks/CoreData.framework; sourceTree = SDKROOT; };
		EBFF92DB1983DC20001BFE63 /* libz.dylib */ = {isa = PBXFileReference; lastKnownFileType = "compiled.mach-o.dylib"; name = libz.dylib; path = usr/lib/libz.dylib; sourceTree = SDKROOT; };
		EBFF92DD1983DC28001BFE63 /* MapKit.framework */ = {isa = PBXFileReference; lastKnownFileType = wrapper.framework; name = MapKit.framework; path = System/Library/Frameworks/MapKit.framework; sourceTree = SDKROOT; };
		EBFF92DF1983DC2F001BFE63 /* Security.framework */ = {isa = PBXFileReference; lastKnownFileType = wrapper.framework; name = Security.framework; path = System/Library/Frameworks/Security.framework; sourceTree = SDKROOT; };
		EBFF92E21983E378001BFE63 /* Common.framework */ = {isa = PBXFileReference; lastKnownFileType = wrapper.framework; path = Common.framework; sourceTree = "<group>"; };
		EBFF92E51983E378001BFE63 /* ContextCore.framework */ = {isa = PBXFileReference; lastKnownFileType = wrapper.framework; path = ContextCore.framework; sourceTree = "<group>"; };
		EBFF92E81983E378001BFE63 /* ContextLocation.framework */ = {isa = PBXFileReference; lastKnownFileType = wrapper.framework; path = ContextLocation.framework; sourceTree = "<group>"; };
		EBFF92EA1983E378001BFE63 /* DataModels.bundle */ = {isa = PBXFileReference; lastKnownFileType = "wrapper.plug-in"; path = DataModels.bundle; sourceTree = "<group>"; };
		EBFF92EF1983E38F001BFE63 /* FYX.framework */ = {isa = PBXFileReference; lastKnownFileType = wrapper.framework; path = FYX.framework; sourceTree = "<group>"; };
		EBFF92F11983E38F001BFE63 /* NetworkServices.framework */ = {isa = PBXFileReference; lastKnownFileType = wrapper.framework; path = NetworkServices.framework; sourceTree = "<group>"; };
		EBFF92F51983F5E5001BFE63 /* UserContext.plist */ = {isa = PBXFileReference; fileEncoding = 4; lastKnownFileType = text.plist.xml; path = UserContext.plist; sourceTree = "<group>"; };
/* End PBXFileReference section */

/* Begin PBXFrameworksBuildPhase section */
		EBFF929A1983DBC9001BFE63 /* Frameworks */ = {
			isa = PBXFrameworksBuildPhase;
			buildActionMask = 2147483647;
			files = (
				EBFF92E01983DC2F001BFE63 /* Security.framework in Frameworks */,
				EBFF92DE1983DC28001BFE63 /* MapKit.framework in Frameworks */,
				EBFF92F31983E38F001BFE63 /* FYX.framework in Frameworks */,
				EBFF92DC1983DC20001BFE63 /* libz.dylib in Frameworks */,
				EBFF92ED1983E378001BFE63 /* ContextLocation.framework in Frameworks */,
				EBFF92DA1983DC11001BFE63 /* CoreData.framework in Frameworks */,
				EBFF92EC1983E378001BFE63 /* ContextCore.framework in Frameworks */,
				EBFF92D81983DC07001BFE63 /* CoreLocation.framework in Frameworks */,
				EBFF92D61983DBFF001BFE63 /* CoreBluetooth.framework in Frameworks */,
				EBFF92F41983E38F001BFE63 /* NetworkServices.framework in Frameworks */,
				EBFF92A31983DBC9001BFE63 /* CoreGraphics.framework in Frameworks */,
				EBFF92EB1983E378001BFE63 /* Common.framework in Frameworks */,
				EBFF92A51983DBC9001BFE63 /* UIKit.framework in Frameworks */,
				EBFF92A11983DBC9001BFE63 /* Foundation.framework in Frameworks */,
			);
			runOnlyForDeploymentPostprocessing = 0;
		};
		EBFF92BB1983DBC9001BFE63 /* Frameworks */ = {
			isa = PBXFrameworksBuildPhase;
			buildActionMask = 2147483647;
			files = (
				EBFF92C01983DBC9001BFE63 /* XCTest.framework in Frameworks */,
				EBFF92C21983DBC9001BFE63 /* UIKit.framework in Frameworks */,
				EBFF92C11983DBC9001BFE63 /* Foundation.framework in Frameworks */,
			);
			runOnlyForDeploymentPostprocessing = 0;
		};
/* End PBXFrameworksBuildPhase section */

/* Begin PBXGroup section */
		EB2D84161996E964005E4384 /* Room View */ = {
			isa = PBXGroup;
			children = (
				EB10622E198D419100C2D084 /* RoomView.h */,
				EB10622F198D419100C2D084 /* RoomView.m */,
				EB106231198D41AE00C2D084 /* GBeaconView.h */,
				EB106232198D41AE00C2D084 /* GBeaconView.m */,
				EB106234198D41C300C2D084 /* MeView.h */,
				EB106235198D41C300C2D084 /* MeView.m */,
			);
			name = "Room View";
			sourceTree = "<group>";
		};
		EB2D84171996E976005E4384 /* Beacon Cell View */ = {
			isa = PBXGroup;
			children = (
				EB2D84101996D679005E4384 /* RSSIGraphView.h */,
				EB2D84111996D679005E4384 /* RSSIGraphView.m */,
				EB2D84131996E842005E4384 /* GBeaconTableViewCell.h */,
				EB2D84141996E842005E4384 /* GBeaconTableViewCell.m */,
			);
			name = "Beacon Cell View";
			sourceTree = "<group>";
		};
		EBFF92941983DBC9001BFE63 = {
			isa = PBXGroup;
			children = (
				EBFF92A61983DBC9001BFE63 /* Gimbal */,
				EBFF92C51983DBC9001BFE63 /* GimbalTests */,
				EBFF929F1983DBC9001BFE63 /* Frameworks */,
				EBFF929E1983DBC9001BFE63 /* Products */,
			);
			sourceTree = "<group>";
		};
		EBFF929E1983DBC9001BFE63 /* Products */ = {
			isa = PBXGroup;
			children = (
				EBFF929D1983DBC9001BFE63 /* Gimbal.app */,
				EBFF92BE1983DBC9001BFE63 /* GimbalTests.xctest */,
			);
			name = Products;
			sourceTree = "<group>";
		};
		EBFF929F1983DBC9001BFE63 /* Frameworks */ = {
			isa = PBXGroup;
			children = (
				EBFF92EF1983E38F001BFE63 /* FYX.framework */,
				EBFF92F01983E38F001BFE63 /* NetworkServices.embeddedframework */,
				EBFF92E11983E378001BFE63 /* Common.embeddedframework */,
				EBFF92E41983E378001BFE63 /* ContextCore.embeddedframework */,
				EBFF92E71983E378001BFE63 /* ContextLocation.embeddedframework */,
				EBFF92DF1983DC2F001BFE63 /* Security.framework */,
				EBFF92DD1983DC28001BFE63 /* MapKit.framework */,
				EBFF92DB1983DC20001BFE63 /* libz.dylib */,
				EBFF92D91983DC11001BFE63 /* CoreData.framework */,
				EBFF92D71983DC07001BFE63 /* CoreLocation.framework */,
				EBFF92D51983DBFF001BFE63 /* CoreBluetooth.framework */,
				EBFF92A01983DBC9001BFE63 /* Foundation.framework */,
				EBFF92A21983DBC9001BFE63 /* CoreGraphics.framework */,
				EBFF92A41983DBC9001BFE63 /* UIKit.framework */,
				EBFF92BF1983DBC9001BFE63 /* XCTest.framework */,
			);
			name = Frameworks;
			sourceTree = "<group>";
		};
		EBFF92A61983DBC9001BFE63 /* Gimbal */ = {
			isa = PBXGroup;
			children = (
				EBFF92AF1983DBC9001BFE63 /* GimbalAppDelegate.h */,
				EBFF92B01983DBC9001BFE63 /* GimbalAppDelegate.m */,
				EBFF92B21983DBC9001BFE63 /* Main.storyboard */,
				EBFF92B51983DBC9001BFE63 /* GimbalViewController.h */,
				EBFF92B61983DBC9001BFE63 /* GimbalViewController.m */,
				EB106228198D40DD00C2D084 /* GViewController.h */,
				EB106229198D40DD00C2D084 /* GViewController.m */,
				EB106237198D42A800C2D084 /* GBeaconManager.h */,
				EB106238198D42A800C2D084 /* GBeaconManager.m */,
				EB10622B198D414E00C2D084 /* GBeacon.h */,
				EB10622C198D414E00C2D084 /* GBeacon.m */,
				EB2D84171996E976005E4384 /* Beacon Cell View */,
				EB2D84161996E964005E4384 /* Room View */,
				EBFF92B81983DBC9001BFE63 /* Images.xcassets */,
				EBFF92A71983DBC9001BFE63 /* Supporting Files */,
			);
			path = Gimbal;
			sourceTree = "<group>";
		};
		EBFF92A71983DBC9001BFE63 /* Supporting Files */ = {
			isa = PBXGroup;
			children = (
				EBFF92A81983DBC9001BFE63 /* Gimbal-Info.plist */,
				EBFF92A91983DBC9001BFE63 /* InfoPlist.strings */,
				EBFF92AC1983DBC9001BFE63 /* main.m */,
				EBFF92AE1983DBC9001BFE63 /* Gimbal-Prefix.pch */,
				EBFF92F51983F5E5001BFE63 /* UserContext.plist */,
			);
			name = "Supporting Files";
			sourceTree = "<group>";
		};
		EBFF92C51983DBC9001BFE63 /* GimbalTests */ = {
			isa = PBXGroup;
			children = (
				EBFF92CB1983DBC9001BFE63 /* GimbalTests.m */,
				EBFF92C61983DBC9001BFE63 /* Supporting Files */,
			);
			path = GimbalTests;
			sourceTree = "<group>";
		};
		EBFF92C61983DBC9001BFE63 /* Supporting Files */ = {
			isa = PBXGroup;
			children = (
				EBFF92C71983DBC9001BFE63 /* GimbalTests-Info.plist */,
				EBFF92C81983DBC9001BFE63 /* InfoPlist.strings */,
			);
			name = "Supporting Files";
			sourceTree = "<group>";
		};
		EBFF92E11983E378001BFE63 /* Common.embeddedframework */ = {
			isa = PBXGroup;
			children = (
				EBFF92E21983E378001BFE63 /* Common.framework */,
				EBFF92E31983E378001BFE63 /* Resources */,
			);
			path = Common.embeddedframework;
			sourceTree = "<group>";
		};
		EBFF92E31983E378001BFE63 /* Resources */ = {
			isa = PBXGroup;
			children = (
			);
			path = Resources;
			sourceTree = "<group>";
		};
		EBFF92E41983E378001BFE63 /* ContextCore.embeddedframework */ = {
			isa = PBXGroup;
			children = (
				EBFF92E51983E378001BFE63 /* ContextCore.framework */,
				EBFF92E61983E378001BFE63 /* Resources */,
			);
			path = ContextCore.embeddedframework;
			sourceTree = "<group>";
		};
		EBFF92E61983E378001BFE63 /* Resources */ = {
			isa = PBXGroup;
			children = (
			);
			path = Resources;
			sourceTree = "<group>";
		};
		EBFF92E71983E378001BFE63 /* ContextLocation.embeddedframework */ = {
			isa = PBXGroup;
			children = (
				EBFF92E81983E378001BFE63 /* ContextLocation.framework */,
				EBFF92E91983E378001BFE63 /* Resources */,
			);
			path = ContextLocation.embeddedframework;
			sourceTree = "<group>";
		};
		EBFF92E91983E378001BFE63 /* Resources */ = {
			isa = PBXGroup;
			children = (
				EBFF92EA1983E378001BFE63 /* DataModels.bundle */,
			);
			path = Resources;
			sourceTree = "<group>";
		};
		EBFF92F01983E38F001BFE63 /* NetworkServices.embeddedframework */ = {
			isa = PBXGroup;
			children = (
				EBFF92F11983E38F001BFE63 /* NetworkServices.framework */,
				EBFF92F21983E38F001BFE63 /* Resources */,
			);
			path = NetworkServices.embeddedframework;
			sourceTree = "<group>";
		};
		EBFF92F21983E38F001BFE63 /* Resources */ = {
			isa = PBXGroup;
			children = (
			);
			path = Resources;
			sourceTree = "<group>";
		};
/* End PBXGroup section */

/* Begin PBXNativeTarget section */
		EBFF929C1983DBC9001BFE63 /* Gimbal */ = {
			isa = PBXNativeTarget;
			buildConfigurationList = EBFF92CF1983DBC9001BFE63 /* Build configuration list for PBXNativeTarget "Gimbal" */;
			buildPhases = (
				EBFF92991983DBC9001BFE63 /* Sources */,
				EBFF929A1983DBC9001BFE63 /* Frameworks */,
				EBFF929B1983DBC9001BFE63 /* Resources */,
			);
			buildRules = (
			);
			dependencies = (
			);
			name = Gimbal;
			productName = Gimbal;
			productReference = EBFF929D1983DBC9001BFE63 /* Gimbal.app */;
			productType = "com.apple.product-type.application";
		};
		EBFF92BD1983DBC9001BFE63 /* GimbalTests */ = {
			isa = PBXNativeTarget;
			buildConfigurationList = EBFF92D21983DBC9001BFE63 /* Build configuration list for PBXNativeTarget "GimbalTests" */;
			buildPhases = (
				EBFF92BA1983DBC9001BFE63 /* Sources */,
				EBFF92BB1983DBC9001BFE63 /* Frameworks */,
				EBFF92BC1983DBC9001BFE63 /* Resources */,
			);
			buildRules = (
			);
			dependencies = (
				EBFF92C41983DBC9001BFE63 /* PBXTargetDependency */,
			);
			name = GimbalTests;
			productName = GimbalTests;
			productReference = EBFF92BE1983DBC9001BFE63 /* GimbalTests.xctest */;
			productType = "com.apple.product-type.bundle.unit-test";
		};
/* End PBXNativeTarget section */

/* Begin PBXProject section */
		EBFF92951983DBC9001BFE63 /* Project object */ = {
			isa = PBXProject;
			attributes = {
				CLASSPREFIX = Gimbal;
				LastUpgradeCheck = 0510;
				ORGANIZATIONNAME = "Emiliano Bivachi";
				TargetAttributes = {
					EBFF92BD1983DBC9001BFE63 = {
						TestTargetID = EBFF929C1983DBC9001BFE63;
					};
				};
			};
			buildConfigurationList = EBFF92981983DBC9001BFE63 /* Build configuration list for PBXProject "Gimbal" */;
			compatibilityVersion = "Xcode 3.2";
			developmentRegion = English;
			hasScannedForEncodings = 0;
			knownRegions = (
				en,
				Base,
			);
			mainGroup = EBFF92941983DBC9001BFE63;
			productRefGroup = EBFF929E1983DBC9001BFE63 /* Products */;
			projectDirPath = "";
			projectRoot = "";
			targets = (
				EBFF929C1983DBC9001BFE63 /* Gimbal */,
				EBFF92BD1983DBC9001BFE63 /* GimbalTests */,
			);
		};
/* End PBXProject section */

/* Begin PBXResourcesBuildPhase section */
		EBFF929B1983DBC9001BFE63 /* Resources */ = {
			isa = PBXResourcesBuildPhase;
			buildActionMask = 2147483647;
			files = (
				EBFF92F61983F5E5001BFE63 /* UserContext.plist in Resources */,
				EBFF92B91983DBC9001BFE63 /* Images.xcassets in Resources */,
				EBFF92AB1983DBC9001BFE63 /* InfoPlist.strings in Resources */,
				EBFF92B41983DBC9001BFE63 /* Main.storyboard in Resources */,
				EBFF92EE1983E378001BFE63 /* DataModels.bundle in Resources */,
			);
			runOnlyForDeploymentPostprocessing = 0;
		};
		EBFF92BC1983DBC9001BFE63 /* Resources */ = {
			isa = PBXResourcesBuildPhase;
			buildActionMask = 2147483647;
			files = (
				EBFF92CA1983DBC9001BFE63 /* InfoPlist.strings in Resources */,
			);
			runOnlyForDeploymentPostprocessing = 0;
		};
/* End PBXResourcesBuildPhase section */

/* Begin PBXSourcesBuildPhase section */
		EBFF92991983DBC9001BFE63 /* Sources */ = {
			isa = PBXSourcesBuildPhase;
			buildActionMask = 2147483647;
			files = (
				EB106236198D41C300C2D084 /* MeView.m in Sources */,
				EB106233198D41AE00C2D084 /* GBeaconView.m in Sources */,
				EB2D84151996E842005E4384 /* GBeaconTableViewCell.m in Sources */,
				EBFF92B71983DBC9001BFE63 /* GimbalViewController.m in Sources */,
				EB106230198D419100C2D084 /* RoomView.m in Sources */,
				EB106239198D42A800C2D084 /* GBeaconManager.m in Sources */,
				EBFF92B11983DBC9001BFE63 /* GimbalAppDelegate.m in Sources */,
				EB10622A198D40DD00C2D084 /* GViewController.m in Sources */,
				EB10622D198D414E00C2D084 /* GBeacon.m in Sources */,
				EB2D84121996D679005E4384 /* RSSIGraphView.m in Sources */,
				EBFF92AD1983DBC9001BFE63 /* main.m in Sources */,
			);
			runOnlyForDeploymentPostprocessing = 0;
		};
		EBFF92BA1983DBC9001BFE63 /* Sources */ = {
			isa = PBXSourcesBuildPhase;
			buildActionMask = 2147483647;
			files = (
				EBFF92CC1983DBC9001BFE63 /* GimbalTests.m in Sources */,
			);
			runOnlyForDeploymentPostprocessing = 0;
		};
/* End PBXSourcesBuildPhase section */

/* Begin PBXTargetDependency section */
		EBFF92C41983DBC9001BFE63 /* PBXTargetDependency */ = {
			isa = PBXTargetDependency;
			target = EBFF929C1983DBC9001BFE63 /* Gimbal */;
			targetProxy = EBFF92C31983DBC9001BFE63 /* PBXContainerItemProxy */;
		};
/* End PBXTargetDependency section */

/* Begin PBXVariantGroup section */
		EBFF92A91983DBC9001BFE63 /* InfoPlist.strings */ = {
			isa = PBXVariantGroup;
			children = (
				EBFF92AA1983DBC9001BFE63 /* en */,
			);
			name = InfoPlist.strings;
			sourceTree = "<group>";
		};
		EBFF92B21983DBC9001BFE63 /* Main.storyboard */ = {
			isa = PBXVariantGroup;
			children = (
				EBFF92B31983DBC9001BFE63 /* Base */,
			);
			name = Main.storyboard;
			sourceTree = "<group>";
		};
		EBFF92C81983DBC9001BFE63 /* InfoPlist.strings */ = {
			isa = PBXVariantGroup;
			children = (
				EBFF92C91983DBC9001BFE63 /* en */,
			);
			name = InfoPlist.strings;
			sourceTree = "<group>";
		};
/* End PBXVariantGroup section */

/* Begin XCBuildConfiguration section */
		EBFF92CD1983DBC9001BFE63 /* Debug */ = {
			isa = XCBuildConfiguration;
			buildSettings = {
				ALWAYS_SEARCH_USER_PATHS = NO;
				CLANG_CXX_LANGUAGE_STANDARD = "gnu++0x";
				CLANG_CXX_LIBRARY = "libc++";
				CLANG_ENABLE_MODULES = YES;
				CLANG_ENABLE_OBJC_ARC = YES;
				CLANG_WARN_BOOL_CONVERSION = YES;
				CLANG_WARN_CONSTANT_CONVERSION = YES;
				CLANG_WARN_DIRECT_OBJC_ISA_USAGE = YES_ERROR;
				CLANG_WARN_EMPTY_BODY = YES;
				CLANG_WARN_ENUM_CONVERSION = YES;
				CLANG_WARN_INT_CONVERSION = YES;
				CLANG_WARN_OBJC_ROOT_CLASS = YES_ERROR;
				CLANG_WARN__DUPLICATE_METHOD_MATCH = YES;
				"CODE_SIGN_IDENTITY[sdk=iphoneos*]" = "iPhone Developer";
				COPY_PHASE_STRIP = NO;
				GCC_C_LANGUAGE_STANDARD = gnu99;
				GCC_DYNAMIC_NO_PIC = NO;
				GCC_OPTIMIZATION_LEVEL = 0;
				GCC_PREPROCESSOR_DEFINITIONS = (
					"DEBUG=1",
					"$(inherited)",
				);
				GCC_SYMBOLS_PRIVATE_EXTERN = NO;
				GCC_WARN_64_TO_32_BIT_CONVERSION = YES;
				GCC_WARN_ABOUT_RETURN_TYPE = YES_ERROR;
				GCC_WARN_UNDECLARED_SELECTOR = YES;
				GCC_WARN_UNINITIALIZED_AUTOS = YES_AGGRESSIVE;
				GCC_WARN_UNUSED_FUNCTION = YES;
				GCC_WARN_UNUSED_VARIABLE = YES;
				IPHONEOS_DEPLOYMENT_TARGET = 7.1;
				ONLY_ACTIVE_ARCH = YES;
				SDKROOT = iphoneos;
			};
			name = Debug;
		};
		EBFF92CE1983DBC9001BFE63 /* Release */ = {
			isa = XCBuildConfiguration;
			buildSettings = {
				ALWAYS_SEARCH_USER_PATHS = NO;
				CLANG_CXX_LANGUAGE_STANDARD = "gnu++0x";
				CLANG_CXX_LIBRARY = "libc++";
				CLANG_ENABLE_MODULES = YES;
				CLANG_ENABLE_OBJC_ARC = YES;
				CLANG_WARN_BOOL_CONVERSION = YES;
				CLANG_WARN_CONSTANT_CONVERSION = YES;
				CLANG_WARN_DIRECT_OBJC_ISA_USAGE = YES_ERROR;
				CLANG_WARN_EMPTY_BODY = YES;
				CLANG_WARN_ENUM_CONVERSION = YES;
				CLANG_WARN_INT_CONVERSION = YES;
				CLANG_WARN_OBJC_ROOT_CLASS = YES_ERROR;
				CLANG_WARN__DUPLICATE_METHOD_MATCH = YES;
				"CODE_SIGN_IDENTITY[sdk=iphoneos*]" = "iPhone Developer";
				COPY_PHASE_STRIP = YES;
				ENABLE_NS_ASSERTIONS = NO;
				GCC_C_LANGUAGE_STANDARD = gnu99;
				GCC_WARN_64_TO_32_BIT_CONVERSION = YES;
				GCC_WARN_ABOUT_RETURN_TYPE = YES_ERROR;
				GCC_WARN_UNDECLARED_SELECTOR = YES;
				GCC_WARN_UNINITIALIZED_AUTOS = YES_AGGRESSIVE;
				GCC_WARN_UNUSED_FUNCTION = YES;
				GCC_WARN_UNUSED_VARIABLE = YES;
				IPHONEOS_DEPLOYMENT_TARGET = 7.1;
				SDKROOT = iphoneos;
				VALIDATE_PRODUCT = YES;
			};
			name = Release;
		};
		EBFF92D01983DBC9001BFE63 /* Debug */ = {
			isa = XCBuildConfiguration;
			buildSettings = {
				ASSETCATALOG_COMPILER_APPICON_NAME = AppIcon;
				ASSETCATALOG_COMPILER_LAUNCHIMAGE_NAME = LaunchImage;
				FRAMEWORK_SEARCH_PATHS = (
					"$(inherited)",
					"$(PROJECT_DIR)/Common.embeddedframework",
					"$(PROJECT_DIR)/ContextCore.embeddedframework",
					"$(PROJECT_DIR)/ContextLocation.embeddedframework",
					"$(PROJECT_DIR)",
					"$(PROJECT_DIR)/NetworkServices.embeddedframework",
				);
				GCC_PRECOMPILE_PREFIX_HEADER = YES;
				GCC_PREFIX_HEADER = "Gimbal/Gimbal-Prefix.pch";
				INFOPLIST_FILE = "Gimbal/Gimbal-Info.plist";
				PRODUCT_NAME = "$(TARGET_NAME)";
				WRAPPER_EXTENSION = app;
			};
			name = Debug;
		};
		EBFF92D11983DBC9001BFE63 /* Release */ = {
			isa = XCBuildConfiguration;
			buildSettings = {
				ASSETCATALOG_COMPILER_APPICON_NAME = AppIcon;
				ASSETCATALOG_COMPILER_LAUNCHIMAGE_NAME = LaunchImage;
				FRAMEWORK_SEARCH_PATHS = (
					"$(inherited)",
					"$(PROJECT_DIR)/Common.embeddedframework",
					"$(PROJECT_DIR)/ContextCore.embeddedframework",
					"$(PROJECT_DIR)/ContextLocation.embeddedframework",
					"$(PROJECT_DIR)",
					"$(PROJECT_DIR)/NetworkServices.embeddedframework",
				);
				GCC_PRECOMPILE_PREFIX_HEADER = YES;
				GCC_PREFIX_HEADER = "Gimbal/Gimbal-Prefix.pch";
				INFOPLIST_FILE = "Gimbal/Gimbal-Info.plist";
				PRODUCT_NAME = "$(TARGET_NAME)";
				WRAPPER_EXTENSION = app;
			};
			name = Release;
		};
		EBFF92D31983DBC9001BFE63 /* Debug */ = {
			isa = XCBuildConfiguration;
			buildSettings = {
				BUNDLE_LOADER = "$(BUILT_PRODUCTS_DIR)/Gimbal.app/Gimbal";
				FRAMEWORK_SEARCH_PATHS = (
					"$(SDKROOT)/Developer/Library/Frameworks",
					"$(inherited)",
					"$(DEVELOPER_FRAMEWORKS_DIR)",
				);
				GCC_PRECOMPILE_PREFIX_HEADER = YES;
				GCC_PREFIX_HEADER = "Gimbal/Gimbal-Prefix.pch";
				GCC_PREPROCESSOR_DEFINITIONS = (
					"DEBUG=1",
					"$(inherited)",
				);
				INFOPLIST_FILE = "GimbalTests/GimbalTests-Info.plist";
				PRODUCT_NAME = "$(TARGET_NAME)";
				TEST_HOST = "$(BUNDLE_LOADER)";
				WRAPPER_EXTENSION = xctest;
			};
			name = Debug;
		};
		EBFF92D41983DBC9001BFE63 /* Release */ = {
			isa = XCBuildConfiguration;
			buildSettings = {
				BUNDLE_LOADER = "$(BUILT_PRODUCTS_DIR)/Gimbal.app/Gimbal";
				FRAMEWORK_SEARCH_PATHS = (
					"$(SDKROOT)/Developer/Library/Frameworks",
					"$(inherited)",
					"$(DEVELOPER_FRAMEWORKS_DIR)",
				);
				GCC_PRECOMPILE_PREFIX_HEADER = YES;
				GCC_PREFIX_HEADER = "Gimbal/Gimbal-Prefix.pch";
				INFOPLIST_FILE = "GimbalTests/GimbalTests-Info.plist";
				PRODUCT_NAME = "$(TARGET_NAME)";
				TEST_HOST = "$(BUNDLE_LOADER)";
				WRAPPER_EXTENSION = xctest;
			};
			name = Release;
		};
/* End XCBuildConfiguration section */

/* Begin XCConfigurationList section */
		EBFF92981983DBC9001BFE63 /* Build configuration list for PBXProject "Gimbal" */ = {
			isa = XCConfigurationList;
			buildConfigurations = (
				EBFF92CD1983DBC9001BFE63 /* Debug */,
				EBFF92CE1983DBC9001BFE63 /* Release */,
			);
			defaultConfigurationIsVisible = 0;
			defaultConfigurationName = Release;
		};
		EBFF92CF1983DBC9001BFE63 /* Build configuration list for PBXNativeTarget "Gimbal" */ = {
			isa = XCConfigurationList;
			buildConfigurations = (
				EBFF92D01983DBC9001BFE63 /* Debug */,
				EBFF92D11983DBC9001BFE63 /* Release */,
			);
			defaultConfigurationIsVisible = 0;
			defaultConfigurationName = Release;
		};
		EBFF92D21983DBC9001BFE63 /* Build configuration list for PBXNativeTarget "GimbalTests" */ = {
			isa = XCConfigurationList;
			buildConfigurations = (
				EBFF92D31983DBC9001BFE63 /* Debug */,
				EBFF92D41983DBC9001BFE63 /* Release */,
			);
			defaultConfigurationIsVisible = 0;
			defaultConfigurationName = Release;
		};
/* End XCConfigurationList section */
	};
	rootObject = EBFF92951983DBC9001BFE63 /* Project object */;
}
